
Microsoft Visual Studio Solution File, Format Version 12.00
# Visual Studio 15
VisualStudioVersion = 15.0.26730.12
MinimumVisualStudioVersion = 10.0.40219.1
Project("{FAE04EC0-301F-11D3-BF4B-00C04F79EFBC}") = "calculadora.Android", "calculadora\calculadora.Android\calculadora.Android.csproj", "{3AA86137-6A3C-438C-BDE0-6B2A411D41AB}"
EndProject
Project("{FAE04EC0-301F-11D3-BF4B-00C04F79EFBC}") = "calculadora", "calculadora\calculadora\calculadora.csproj", "{4F930904-AE62-4E5F-BE72-839EB9944A91}"
EndProject
Project("{FAE04EC0-301F-11D3-BF4B-00C04F79EFBC}") = "calculadora.UWP", "calculadora\calculadora.UWP\calculadora.UWP.csproj", "{730DFBD4-8A1D-4E6A-B98E-B818A6FE3CF7}"
EndProject
Project("{FAE04EC0-301F-11D3-BF4B-00C04F79EFBC}") = "calculadora.iOS", "calculadora\calculadora.iOS\calculadora.iOS.csproj", "{83417CB3-BEDB-4CE0-871A-4B25CB813480}"
EndProject
Global
	GlobalSection(SolutionConfigurationPlatforms) = preSolution
		Ad-Hoc|Any CPU = Ad-Hoc|Any CPU
		Ad-Hoc|ARM = Ad-Hoc|ARM
		Ad-Hoc|iPhone = Ad-Hoc|iPhone
		Ad-Hoc|iPhoneSimulator = Ad-Hoc|iPhoneSimulator
		Ad-Hoc|x64 = Ad-Hoc|x64
		Ad-Hoc|x86 = Ad-Hoc|x86
		AppStore|Any CPU = AppStore|Any CPU
		AppStore|ARM = AppStore|ARM
		AppStore|iPhone = AppStore|iPhone
		AppStore|iPhoneSimulator = AppStore|iPhoneSimulator
		AppStore|x64 = AppStore|x64
		AppStore|x86 = AppStore|x86
		Debug|Any CPU = Debug|Any CPU
		Debug|ARM = Debug|ARM
		Debug|iPhone = Debug|iPhone
		Debug|iPhoneSimulator = Debug|iPhoneSimulator
		Debug|x64 = Debug|x64
		Debug|x86 = Debug|x86
		Release|Any CPU = Release|Any CPU
		Release|ARM = Release|ARM
		Release|iPhone = Release|iPhone
		Release|iPhoneSimulator = Release|iPhoneSimulator
		Release|x64 = Release|x64
		Release|x86 = Release|x86
	EndGlobalSection
	GlobalSection(ProjectConfigurationPlatforms) = postSolution
		{3AA86137-6A3C-438C-BDE0-6B2A411D41AB}.Ad-Hoc|Any CPU.ActiveCfg = Release|Any CPU
		{3AA86137-6A3C-438C-BDE0-6B2A411D41AB}.Ad-Hoc|Any CPU.Build.0 = Release|Any CPU
		{3AA86137-6A3C-438C-BDE0-6B2A411D41AB}.Ad-Hoc|Any CPU.Deploy.0 = Release|Any CPU
		{3AA86137-6A3C-438C-BDE0-6B2A411D41AB}.Ad-Hoc|ARM.ActiveCfg = Release|Any CPU
		{3AA86137-6A3C-438C-BDE0-6B2A411D41AB}.Ad-Hoc|ARM.Build.0 = Release|Any CPU
		{3AA86137-6A3C-438C-BDE0-6B2A411D41AB}.Ad-Hoc|ARM.Deploy.0 = Release|Any CPU
		{3AA86137-6A3C-438C-BDE0-6B2A411D41AB}.Ad-Hoc|iPhone.ActiveCfg = Release|Any CPU
		{3AA86137-6A3C-438C-BDE0-6B2A411D41AB}.Ad-Hoc|iPhone.Build.0 = Release|Any CPU
		{3AA86137-6A3C-438C-BDE0-6B2A411D41AB}.Ad-Hoc|iPhone.Deploy.0 = Release|Any CPU
		{3AA86137-6A3C-438C-BDE0-6B2A411D41AB}.Ad-Hoc|iPhoneSimulator.ActiveCfg = Release|Any CPU
		{3AA86137-6A3C-438C-BDE0-6B2A411D41AB}.Ad-Hoc|iPhoneSimulator.Build.0 = Release|Any CPU
		{3AA86137-6A3C-438C-BDE0-6B2A411D41AB}.Ad-Hoc|iPhoneSimulator.Deploy.0 = Release|Any CPU
		{3AA86137-6A3C-438C-BDE0-6B2A411D41AB}.Ad-Hoc|x64.ActiveCfg = Release|Any CPU
		{3AA86137-6A3C-438C-BDE0-6B2A411D41AB}.Ad-Hoc|x64.Build.0 = Release|Any CPU
		{3AA86137-6A3C-438C-BDE0-6B2A411D41AB}.Ad-Hoc|x64.Deploy.0 = Release|Any CPU
		{3AA86137-6A3C-438C-BDE0-6B2A411D41AB}.Ad-Hoc|x86.ActiveCfg = Release|Any CPU
		{3AA86137-6A3C-438C-BDE0-6B2A411D41AB}.Ad-Hoc|x86.Build.0 = Release|Any CPU
		{3AA86137-6A3C-438C-BDE0-6B2A411D41AB}.Ad-Hoc|x86.Deploy.0 = Release|Any CPU
		{3AA86137-6A3C-438C-BDE0-6B2A411D41AB}.AppStore|Any CPU.ActiveCfg = Release|Any CPU
		{3AA86137-6A3C-438C-BDE0-6B2A411D41AB}.AppStore|Any CPU.Build.0 = Release|Any CPU
		{3AA86137-6A3C-438C-BDE0-6B2A411D41AB}.AppStore|Any CPU.Deploy.0 = Release|Any CPU
		{3AA86137-6A3C-438C-BDE0-6B2A411D41AB}.AppStore|ARM.ActiveCfg = Release|Any CPU
		{3AA86137-6A3C-438C-BDE0-6B2A411D41AB}.AppStore|ARM.Build.0 = Release|Any CPU
		{3AA86137-6A3C-438C-BDE0-6B2A411D41AB}.AppStore|ARM.Deploy.0 = Release|Any CPU
		{3AA86137-6A3C-438C-BDE0-6B2A411D41AB}.AppStore|iPhone.ActiveCfg = Release|Any CPU
		{3AA86137-6A3C-438C-BDE0-6B2A411D41AB}.AppStore|iPhone.Build.0 = Release|Any CPU
		{3AA86137-6A3C-438C-BDE0-6B2A411D41AB}.AppStore|iPhone.Deploy.0 = Release|Any CPU
		{3AA86137-6A3C-438C-BDE0-6B2A411D41AB}.AppStore|iPhoneSimulator.ActiveCfg = Release|Any CPU
		{3AA86137-6A3C-438C-BDE0-6B2A411D41AB}.AppStore|iPhoneSimulator.Build.0 = Release|Any CPU
		{3AA86137-6A3C-438C-BDE0-6B2A411D41AB}.AppStore|iPhoneSimulator.Deploy.0 = Release|Any CPU
		{3AA86137-6A3C-438C-BDE0-6B2A411D41AB}.AppStore|x64.ActiveCfg = Release|Any CPU
		{3AA86137-6A3C-438C-BDE0-6B2A411D41AB}.AppStore|x64.Build.0 = Release|Any CPU
		{3AA86137-6A3C-438C-BDE0-6B2A411D41AB}.AppStore|x64.Deploy.0 = Release|Any CPU
		{3AA86137-6A3C-438C-BDE0-6B2A411D41AB}.AppStore|x86.ActiveCfg = Release|Any CPU
		{3AA86137-6A3C-438C-BDE0-6B2A411D41AB}.AppStore|x86.Build.0 = Release|Any CPU
		{3AA86137-6A3C-438C-BDE0-6B2A411D41AB}.AppStore|x86.Deploy.0 = Release|Any CPU
		{3AA86137-6A3C-438C-BDE0-6B2A411D41AB}.Debug|Any CPU.ActiveCfg = Debug|Any CPU
		{3AA86137-6A3C-438C-BDE0-6B2A411D41AB}.Debug|Any CPU.Build.0 = Debug|Any CPU
		{3AA86137-6A3C-438C-BDE0-6B2A411D41AB}.Debug|Any CPU.Deploy.0 = Debug|Any CPU
		{3AA86137-6A3C-438C-BDE0-6B2A411D41AB}.Debug|ARM.ActiveCfg = Debug|Any CPU
		{3AA86137-6A3C-438C-BDE0-6B2A411D41AB}.Debug|ARM.Build.0 = Debug|Any CPU
		{3AA86137-6A3C-438C-BDE0-6B2A411D41AB}.Debug|ARM.Deploy.0 = Debug|Any CPU
		{3AA86137-6A3C-438C-BDE0-6B2A411D41AB}.Debug|iPhone.ActiveCfg = Debug|Any CPU
		{3AA86137-6A3C-438C-BDE0-6B2A411D41AB}.Debug|iPhone.Build.0 = Debug|Any CPU
		{3AA86137-6A3C-438C-BDE0-6B2A411D41AB}.Debug|iPhone.Deploy.0 = Debug|Any CPU
		{3AA86137-6A3C-438C-BDE0-6B2A411D41AB}.Debug|iPhoneSimulator.ActiveCfg = Debug|Any CPU
		{3AA86137-6A3C-438C-BDE0-6B2A411D41AB}.Debug|iPhoneSimulator.Build.0 = Debug|Any CPU
		{3AA86137-6A3C-438C-BDE0-6B2A411D41AB}.Debug|iPhoneSimulator.Deploy.0 = Debug|Any CPU
		{3AA86137-6A3C-438C-BDE0-6B2A411D41AB}.Debug|x64.ActiveCfg = Debug|Any CPU
		{3AA86137-6A3C-438C-BDE0-6B2A411D41AB}.Debug|x64.Build.0 = Debug|Any CPU
		{3AA86137-6A3C-438C-BDE0-6B2A411D41AB}.Debug|x64.Deploy.0 = Debug|Any CPU
		{3AA86137-6A3C-438C-BDE0-6B2A411D41AB}.Debug|x86.ActiveCfg = Debug|Any CPU
		{3AA86137-6A3C-438C-BDE0-6B2A411D41AB}.Debug|x86.Build.0 = Debug|Any CPU
		{3AA86137-6A3C-438C-BDE0-6B2A411D41AB}.Debug|x86.Deploy.0 = Debug|Any CPU
		{3AA86137-6A3C-438C-BDE0-6B2A411D41AB}.Release|Any CPU.ActiveCfg = Release|Any CPU
		{3AA86137-6A3C-438C-BDE0-6B2A411D41AB}.Release|Any CPU.Build.0 = Release|Any CPU
		{3AA86137-6A3C-438C-BDE0-6B2A411D41AB}.Release|Any CPU.Deploy.0 = Release|Any CPU
		{3AA86137-6A3C-438C-BDE0-6B2A411D41AB}.Release|ARM.ActiveCfg = Release|Any CPU
		{3AA86137-6A3C-438C-BDE0-6B2A411D41AB}.Release|ARM.Build.0 = Release|Any CPU
		{3AA86137-6A3C-438C-BDE0-6B2A411D41AB}.Release|ARM.Deploy.0 = Release|Any CPU
		{3AA86137-6A3C-438C-BDE0-6B2A411D41AB}.Release|iPhone.ActiveCfg = Release|Any CPU
		{3AA86137-6A3C-438C-BDE0-6B2A411D41AB}.Release|iPhone.Build.0 = Release|Any CPU
		{3AA86137-6A3C-438C-BDE0-6B2A411D41AB}.Release|iPhone.Deploy.0 = Release|Any CPU
		{3AA86137-6A3C-438C-BDE0-6B2A411D41AB}.Release|iPhoneSimulator.ActiveCfg = Release|Any CPU
		{3AA86137-6A3C-438C-BDE0-6B2A411D41AB}.Release|iPhoneSimulator.Build.0 = Release|Any CPU
		{3AA86137-6A3C-438C-BDE0-6B2A411D41AB}.Release|iPhoneSimulator.Deploy.0 = Release|Any CPU
		{3AA86137-6A3C-438C-BDE0-6B2A411D41AB}.Release|x64.ActiveCfg = Release|Any CPU
		{3AA86137-6A3C-438C-BDE0-6B2A411D41AB}.Release|x64.Build.0 = Release|Any CPU
		{3AA86137-6A3C-438C-BDE0-6B2A411D41AB}.Release|x64.Deploy.0 = Release|Any CPU
		{3AA86137-6A3C-438C-BDE0-6B2A411D41AB}.Release|x86.ActiveCfg = Release|Any CPU
		{3AA86137-6A3C-438C-BDE0-6B2A411D41AB}.Release|x86.Build.0 = Release|Any CPU
		{3AA86137-6A3C-438C-BDE0-6B2A411D41AB}.Release|x86.Deploy.0 = Release|Any CPU
		{4F930904-AE62-4E5F-BE72-839EB9944A91}.Ad-Hoc|Any CPU.ActiveCfg = Release|Any CPU
		{4F930904-AE62-4E5F-BE72-839EB9944A91}.Ad-Hoc|Any CPU.Build.0 = Release|Any CPU
		{4F930904-AE62-4E5F-BE72-839EB9944A91}.Ad-Hoc|ARM.ActiveCfg = Release|Any CPU
		{4F930904-AE62-4E5F-BE72-839EB9944A91}.Ad-Hoc|ARM.Build.0 = Release|Any CPU
		{4F930904-AE62-4E5F-BE72-839EB9944A91}.Ad-Hoc|iPhone.ActiveCfg = Release|Any CPU
		{4F930904-AE62-4E5F-BE72-839EB9944A91}.Ad-Hoc|iPhone.Build.0 = Release|Any CPU
		{4F930904-AE62-4E5F-BE72-839EB9944A91}.Ad-Hoc|iPhoneSimulator.ActiveCfg = Release|Any CPU
		{4F930904-AE62-4E5F-BE72-839EB9944A91}.Ad-Hoc|iPhoneSimulator.Build.0 = Release|Any CPU
		{4F930904-AE62-4E5F-BE72-839EB9944A91}.Ad-Hoc|x64.ActiveCfg = Release|Any CPU
		{4F930904-AE62-4E5F-BE72-839EB9944A91}.Ad-Hoc|x64.Build.0 = Release|Any CPU
		{4F930904-AE62-4E5F-BE72-839EB9944A91}.Ad-Hoc|x86.ActiveCfg = Release|Any CPU
		{4F930904-AE62-4E5F-BE72-839EB9944A91}.Ad-Hoc|x86.Build.0 = Release|Any CPU
		{4F930904-AE62-4E5F-BE72-839EB9944A91}.AppStore|Any CPU.ActiveCfg = Release|Any CPU
		{4F930904-AE62-4E5F-BE72-839EB9944A91}.AppStore|Any CPU.Build.0 = Release|Any CPU
		{4F930904-AE62-4E5F-BE72-839EB9944A91}.AppStore|ARM.ActiveCfg = Release|Any CPU
		{4F930904-AE62-4E5F-BE72-839EB9944A91}.AppStore|ARM.Build.0 = Release|Any CPU
		{4F930904-AE62-4E5F-BE72-839EB9944A91}.AppStore|iPhone.ActiveCfg = Release|Any CPU
		{4F930904-AE62-4E5F-BE72-839EB9944A91}.AppStore|iPhone.Build.0 = Release|Any CPU
		{4F930904-AE62-4E5F-BE72-839EB9944A91}.AppStore|iPhoneSimulator.ActiveCfg = Release|Any CPU
		{4F930904-AE62-4E5F-BE72-839EB9944A91}.AppStore|iPhoneSimulator.Build.0 = Release|Any CPU
		{4F930904-AE62-4E5F-BE72-839EB9944A91}.AppStore|x64.ActiveCfg = Release|Any CPU
		{4F930904-AE62-4E5F-BE72-839EB9944A91}.AppStore|x64.Build.0 = Release|Any CPU
		{4F930904-AE62-4E5F-BE72-839EB9944A91}.AppStore|x86.ActiveCfg = Release|Any CPU
		{4F930904-AE62-4E5F-BE72-839EB9944A91}.AppStore|x86.Build.0 = Release|Any CPU
		{4F930904-AE62-4E5F-BE72-839EB9944A91}.Debug|Any CPU.ActiveCfg = Debug|Any CPU
		{4F930904-AE62-4E5F-BE72-839EB9944A91}.Debug|Any CPU.Build.0 = Debug|Any CPU
		{4F930904-AE62-4E5F-BE72-839EB9944A91}.Debug|ARM.ActiveCfg = Debug|Any CPU
		{4F930904-AE62-4E5F-BE72-839EB9944A91}.Debug|ARM.Build.0 = Debug|Any CPU
		{4F930904-AE62-4E5F-BE72-839EB9944A91}.Debug|iPhone.ActiveCfg = Debug|Any CPU
		{4F930904-AE62-4E5F-BE72-839EB9944A91}.Debug|iPhone.Build.0 = Debug|Any CPU
		{4F930904-AE62-4E5F-BE72-839EB9944A91}.Debug|iPhoneSimulator.ActiveCfg = Debug|Any CPU
		{4F930904-AE62-4E5F-BE72-839EB9944A91}.Debug|iPhoneSimulator.Build.0 = Debug|Any CPU
		{4F930904-AE62-4E5F-BE72-839EB9944A91}.Debug|x64.ActiveCfg = Debug|Any CPU
		{4F930904-AE62-4E5F-BE72-839EB9944A91}.Debug|x64.Build.0 = Debug|Any CPU
		{4F930904-AE62-4E5F-BE72-839EB9944A91}.Debug|x86.ActiveCfg = Debug|Any CPU
		{4F930904-AE62-4E5F-BE72-839EB9944A91}.Debug|x86.Build.0 = Debug|Any CPU
		{4F930904-AE62-4E5F-BE72-839EB9944A91}.Release|Any CPU.ActiveCfg = Release|Any CPU
		{4F930904-AE62-4E5F-BE72-839EB9944A91}.Release|Any CPU.Build.0 = Release|Any CPU
		{4F930904-AE62-4E5F-BE72-839EB9944A91}.Release|ARM.ActiveCfg = Release|Any CPU
		{4F930904-AE62-4E5F-BE72-839EB9944A91}.Release|ARM.Build.0 = Release|Any CPU
		{4F930904-AE62-4E5F-BE72-839EB9944A91}.Release|iPhone.ActiveCfg = Release|Any CPU
		{4F930904-AE62-4E5F-BE72-839EB9944A91}.Release|iPhone.Build.0 = Release|Any CPU
		{4F930904-AE62-4E5F-BE72-839EB9944A91}.Release|iPhoneSimulator.ActiveCfg = Release|Any CPU
		{4F930904-AE62-4E5F-BE72-839EB9944A91}.Release|iPhoneSimulator.Build.0 = Release|Any CPU
		{4F930904-AE62-4E5F-BE72-839EB9944A91}.Release|x64.ActiveCfg = Release|Any CPU
		{4F930904-AE62-4E5F-BE72-839EB9944A91}.Release|x64.Build.0 = Release|Any CPU
		{4F930904-AE62-4E5F-BE72-839EB9944A91}.Release|x86.ActiveCfg = Release|Any CPU
		{4F930904-AE62-4E5F-BE72-839EB9944A91}.Release|x86.Build.0 = Release|Any CPU
		{730DFBD4-8A1D-4E6A-B98E-B818A6FE3CF7}.Ad-Hoc|Any CPU.ActiveCfg = Release|x86
		{730DFBD4-8A1D-4E6A-B98E-B818A6FE3CF7}.Ad-Hoc|Any CPU.Build.0 = Release|x86
		{730DFBD4-8A1D-4E6A-B98E-B818A6FE3CF7}.Ad-Hoc|Any CPU.Deploy.0 = Release|x86
		{730DFBD4-8A1D-4E6A-B98E-B818A6FE3CF7}.Ad-Hoc|ARM.ActiveCfg = Release|ARM
		{730DFBD4-8A1D-4E6A-B98E-B818A6FE3CF7}.Ad-Hoc|ARM.Build.0 = Release|ARM
		{730DFBD4-8A1D-4E6A-B98E-B818A6FE3CF7}.Ad-Hoc|ARM.Deploy.0 = Release|ARM
		{730DFBD4-8A1D-4E6A-B98E-B818A6FE3CF7}.Ad-Hoc|iPhone.ActiveCfg = Release|x86
		{730DFBD4-8A1D-4E6A-B98E-B818A6FE3CF7}.Ad-Hoc|iPhone.Build.0 = Release|x86
		{730DFBD4-8A1D-4E6A-B98E-B818A6FE3CF7}.Ad-Hoc|iPhone.Deploy.0 = Release|x86
		{730DFBD4-8A1D-4E6A-B98E-B818A6FE3CF7}.Ad-Hoc|iPhoneSimulator.ActiveCfg = Release|x86
		{730DFBD4-8A1D-4E6A-B98E-B818A6FE3CF7}.Ad-Hoc|iPhoneSimulator.Build.0 = Release|x86
		{730DFBD4-8A1D-4E6A-B98E-B818A6FE3CF7}.Ad-Hoc|iPhoneSimulator.Deploy.0 = Release|x86
		{730DFBD4-8A1D-4E6A-B98E-B818A6FE3CF7}.Ad-Hoc|x64.ActiveCfg = Release|x64
		{730DFBD4-8A1D-4E6A-B98E-B818A6FE3CF7}.Ad-Hoc|x64.Build.0 = Release|x64
		{730DFBD4-8A1D-4E6A-B98E-B818A6FE3CF7}.Ad-Hoc|x64.Deploy.0 = Release|x64
		{730DFBD4-8A1D-4E6A-B98E-B818A6FE3CF7}.Ad-Hoc|x86.ActiveCfg = Release|x86
		{730DFBD4-8A1D-4E6A-B98E-B818A6FE3CF7}.Ad-Hoc|x86.Build.0 = Release|x86
		{730DFBD4-8A1D-4E6A-B98E-B818A6FE3CF7}.Ad-Hoc|x86.Deploy.0 = Release|x86
		{730DFBD4-8A1D-4E6A-B98E-B818A6FE3CF7}.AppStore|Any CPU.ActiveCfg = Release|x86
		{730DFBD4-8A1D-4E6A-B98E-B818A6FE3CF7}.AppStore|Any CPU.Build.0 = Release|x86
		{730DFBD4-8A1D-4E6A-B98E-B818A6FE3CF7}.AppStore|Any CPU.Deploy.0 = Release|x86
		{730DFBD4-8A1D-4E6A-B98E-B818A6FE3CF7}.AppStore|ARM.ActiveCfg = Release|ARM
		{730DFBD4-8A1D-4E6A-B98E-B818A6FE3CF7}.AppStore|ARM.Build.0 = Release|ARM
		{730DFBD4-8A1D-4E6A-B98E-B818A6FE3CF7}.AppStore|ARM.Deploy.0 = Release|ARM
		{730DFBD4-8A1D-4E6A-B98E-B818A6FE3CF7}.AppStore|iPhone.ActiveCfg = Release|x86
		{730DFBD4-8A1D-4E6A-B98E-B818A6FE3CF7}.AppStore|iPhone.Build.0 = Release|x86
		{730DFBD4-8A1D-4E6A-B98E-B818A6FE3CF7}.AppStore|iPhone.Deploy.0 = Release|x86
		{730DFBD4-8A1D-4E6A-B98E-B818A6FE3CF7}.AppStore|iPhoneSimulator.ActiveCfg = Release|x86
		{730DFBD4-8A1D-4E6A-B98E-B818A6FE3CF7}.AppStore|iPhoneSimulator.Build.0 = Release|x86
		{730DFBD4-8A1D-4E6A-B98E-B818A6FE3CF7}.AppStore|iPhoneSimulator.Deploy.0 = Release|x86
		{730DFBD4-8A1D-4E6A-B98E-B818A6FE3CF7}.AppStore|x64.ActiveCfg = Release|x64
		{730DFBD4-8A1D-4E6A-B98E-B818A6FE3CF7}.AppStore|x64.Build.0 = Release|x64
		{730DFBD4-8A1D-4E6A-B98E-B818A6FE3CF7}.AppStore|x64.Deploy.0 = Release|x64
		{730DFBD4-8A1D-4E6A-B98E-B818A6FE3CF7}.AppStore|x86.ActiveCfg = Release|x86
		{730DFBD4-8A1D-4E6A-B98E-B818A6FE3CF7}.AppStore|x86.Build.0 = Release|x86
		{730DFBD4-8A1D-4E6A-B98E-B818A6FE3CF7}.AppStore|x86.Deploy.0 = Release|x86
		{730DFBD4-8A1D-4E6A-B98E-B818A6FE3CF7}.Debug|Any CPU.ActiveCfg = Debug|x86
		{730DFBD4-8A1D-4E6A-B98E-B818A6FE3CF7}.Debug|ARM.ActiveCfg = Debug|ARM
		{730DFBD4-8A1D-4E6A-B98E-B818A6FE3CF7}.Debug|ARM.Build.0 = Debug|ARM
		{730DFBD4-8A1D-4E6A-B98E-B818A6FE3CF7}.Debug|ARM.Deploy.0 = Debug|ARM
		{730DFBD4-8A1D-4E6A-B98E-B818A6FE3CF7}.Debug|iPhone.ActiveCfg = Debug|x86
		{730DFBD4-8A1D-4E6A-B98E-B818A6FE3CF7}.Debug|iPhoneSimulator.ActiveCfg = Debug|x86
		{730DFBD4-8A1D-4E6A-B98E-B818A6FE3CF7}.Debug|x64.ActiveCfg = Debug|x64
		{730DFBD4-8A1D-4E6A-B98E-B818A6FE3CF7}.Debug|x64.Build.0 = Debug|x64
		{730DFBD4-8A1D-4E6A-B98E-B818A6FE3CF7}.Debug|x64.Deploy.0 = Debug|x64
		{730DFBD4-8A1D-4E6A-B98E-B818A6FE3CF7}.Debug|x86.ActiveCfg = Debug|x86
		{730DFBD4-8A1D-4E6A-B98E-B818A6FE3CF7}.Debug|x86.Build.0 = Debug|x86
		{730DFBD4-8A1D-4E6A-B98E-B818A6FE3CF7}.Debug|x86.Deploy.0 = Debug|x86
		{730DFBD4-8A1D-4E6A-B98E-B818A6FE3CF7}.Release|Any CPU.ActiveCfg = Release|x86
		{730DFBD4-8A1D-4E6A-B98E-B818A6FE3CF7}.Release|ARM.ActiveCfg = Release|ARM
		{730DFBD4-8A1D-4E6A-B98E-B818A6FE3CF7}.Release|ARM.Build.0 = Release|ARM
		{730DFBD4-8A1D-4E6A-B98E-B818A6FE3CF7}.Release|ARM.Deploy.0 = Release|ARM
		{730DFBD4-8A1D-4E6A-B98E-B818A6FE3CF7}.Release|iPhone.ActiveCfg = Release|x86
		{730DFBD4-8A1D-4E6A-B98E-B818A6FE3CF7}.Release|iPhoneSimulator.ActiveCfg = Release|x86
		{730DFBD4-8A1D-4E6A-B98E-B818A6FE3CF7}.Release|x64.ActiveCfg = Release|x64
		{730DFBD4-8A1D-4E6A-B98E-B818A6FE3CF7}.Release|x64.Build.0 = Release|x64
		{730DFBD4-8A1D-4E6A-B98E-B818A6FE3CF7}.Release|x64.Deploy.0 = Release|x64
		{730DFBD4-8A1D-4E6A-B98E-B818A6FE3CF7}.Release|x86.ActiveCfg = Release|x86
		{730DFBD4-8A1D-4E6A-B98E-B818A6FE3CF7}.Release|x86.Build.0 = Release|x86
		{730DFBD4-8A1D-4E6A-B98E-B818A6FE3CF7}.Release|x86.Deploy.0 = Release|x86
		{83417CB3-BEDB-4CE0-871A-4B25CB813480}.Ad-Hoc|Any CPU.ActiveCfg = Ad-Hoc|iPhone
		{83417CB3-BEDB-4CE0-871A-4B25CB813480}.Ad-Hoc|ARM.ActiveCfg = Ad-Hoc|iPhone
		{83417CB3-BEDB-4CE0-871A-4B25CB813480}.Ad-Hoc|iPhone.ActiveCfg = Ad-Hoc|iPhone
		{83417CB3-BEDB-4CE0-871A-4B25CB813480}.Ad-Hoc|iPhone.Build.0 = Ad-Hoc|iPhone
		{83417CB3-BEDB-4CE0-871A-4B25CB813480}.Ad-Hoc|iPhoneSimulator.ActiveCfg = Ad-Hoc|iPhoneSimulator
		{83417CB3-BEDB-4CE0-871A-4B25CB813480}.Ad-Hoc|iPhoneSimulator.Build.0 = Ad-Hoc|iPhoneSimulator
		{83417CB3-BEDB-4CE0-871A-4B25CB813480}.Ad-Hoc|x64.ActiveCfg = Ad-Hoc|iPhone
		{83417CB3-BEDB-4CE0-871A-4B25CB813480}.Ad-Hoc|x86.ActiveCfg = Ad-Hoc|iPhone
		{83417CB3-BEDB-4CE0-871A-4B25CB813480}.AppStore|Any CPU.ActiveCfg = AppStore|iPhone
		{83417CB3-BEDB-4CE0-871A-4B25CB813480}.AppStore|ARM.ActiveCfg = AppStore|iPhone
		{83417CB3-BEDB-4CE0-871A-4B25CB813480}.AppStore|iPhone.ActiveCfg = AppStore|iPhone
		{83417CB3-BEDB-4CE0-871A-4B25CB813480}.AppStore|iPhone.Build.0 = AppStore|iPhone
		{83417CB3-BEDB-4CE0-871A-4B25CB813480}.AppStore|iPhoneSimulator.ActiveCfg = AppStore|iPhoneSimulator
		{83417CB3-BEDB-4CE0-871A-4B25CB813480}.AppStore|iPhoneSimulator.Build.0 = AppStore|iPhoneSimulator
		{83417CB3-BEDB-4CE0-871A-4B25CB813480}.AppStore|x64.ActiveCfg = AppStore|iPhone
		{83417CB3-BEDB-4CE0-871A-4B25CB813480}.AppStore|x86.ActiveCfg = AppStore|iPhone
		{83417CB3-BEDB-4CE0-871A-4B25CB813480}.Debug|Any CPU.ActiveCfg = Debug|iPhone
		{83417CB3-BEDB-4CE0-871A-4B25CB813480}.Debug|ARM.ActiveCfg = Debug|iPhone
		{83417CB3-BEDB-4CE0-871A-4B25CB813480}.Debug|iPhone.ActiveCfg = Debug|iPhone
		{83417CB3-BEDB-4CE0-871A-4B25CB813480}.Debug|iPhone.Build.0 = Debug|iPhone
		{83417CB3-BEDB-4CE0-871A-4B25CB813480}.Debug|iPhoneSimulator.ActiveCfg = Debug|iPhoneSimulator
		{83417CB3-BEDB-4CE0-871A-4B25CB813480}.Debug|iPhoneSimulator.Build.0 = Debug|iPhoneSimulator
		{83417CB3-BEDB-4CE0-871A-4B25CB813480}.Debug|x64.ActiveCfg = Debug|iPhone
		{83417CB3-BEDB-4CE0-871A-4B25CB813480}.Debug|x86.ActiveCfg = Debug|iPhone
		{83417CB3-BEDB-4CE0-871A-4B25CB813480}.Release|Any CPU.ActiveCfg = Release|iPhone
		{83417CB3-BEDB-4CE0-871A-4B25CB813480}.Release|ARM.ActiveCfg = Release|iPhone
		{83417CB3-BEDB-4CE0-871A-4B25CB813480}.Release|iPhone.ActiveCfg = Release|iPhone
		{83417CB3-BEDB-4CE0-871A-4B25CB813480}.Release|iPhone.Build.0 = Release|iPhone
		{83417CB3-BEDB-4CE0-871A-4B25CB813480}.Release|iPhoneSimulator.ActiveCfg = Release|iPhoneSimulator
		{83417CB3-BEDB-4CE0-871A-4B25CB813480}.Release|iPhoneSimulator.Build.0 = Release|iPhoneSimulator
		{83417CB3-BEDB-4CE0-871A-4B25CB813480}.Release|x64.ActiveCfg = Release|iPhone
		{83417CB3-BEDB-4CE0-871A-4B25CB813480}.Release|x86.ActiveCfg = Release|iPhone
	EndGlobalSection
	GlobalSection(SolutionProperties) = preSolution
		HideSolutionNode = FALSE
	EndGlobalSection
	GlobalSection(ExtensibilityGlobals) = postSolution
		SolutionGuid = {8C20921F-61ED-4A80-AC20-F353F5DB3B61}
	EndGlobalSection
EndGlobal
